
Microsoft Visual Studio Solution File, Format Version 12.00
# Visual Studio Version 16
VisualStudioVersion = 16.0.29409.12
MinimumVisualStudioVersion = 10.0.40219.1
Project("{FAE04EC0-301F-11D3-BF4B-00C04F79EFBC}") = "DoItAgain", "DoItAgain\DoItAgain.csproj", "{45AD0E9F-E726-4A9F-AA20-C2F762B9217D}"
EndProject
Global
	GlobalSection(SolutionConfigurationPlatforms) = preSolution
		Debug|Any CPU = Debug|Any CPU
		Release|Any CPU = Release|Any CPU
	EndGlobalSection
	GlobalSection(ProjectConfigurationPlatforms) = postSolution
		{45AD0E9F-E726-4A9F-AA20-C2F762B9217D}.Debug|Any CPU.ActiveCfg = Debug|Any CPU
		{45AD0E9F-E726-4A9F-AA20-C2F762B9217D}.Debug|Any CPU.Build.0 = Debug|Any CPU
		{45AD0E9F-E726-4A9F-AA20-C2F762B9217D}.Release|Any CPU.ActiveCfg = Release|Any CPU
		{45AD0E9F-E726-4A9F-AA20-C2F762B9217D}.Release|Any CPU.Build.0 = Release|Any CPU
	EndGlobalSection
	GlobalSection(SolutionProperties) = preSolution
		HideSolutionNode = FALSE
	EndGlobalSection
	GlobalSection(ExtensibilityGlobals) = postSolution
		SolutionGuid = {1F639593-CA9A-477B-BE6E-39501A935B40}
	EndGlobalSection
EndGlobal
